
Microsoft Visual Studio Solution File, Format Version 12.00
# Visual Studio Version 17
VisualStudioVersion = 17.7.34024.191
MinimumVisualStudioVersion = 10.0.40219.1
Project("{FAE04EC0-301F-11D3-BF4B-00C04F79EFBC}") = "SkateCompScoreboard.Core", "SkateCompScoreboard.Core\SkateCompScoreboard.Core.csproj", "{623075F8-0E5A-47B5-BB6D-AA651882B9ED}"
EndProject
Global
	GlobalSection(SolutionConfigurationPlatforms) = preSolution
		Debug|Any CPU = Debug|Any CPU
		Release|Any CPU = Release|Any CPU
	EndGlobalSection
	GlobalSection(ProjectConfigurationPlatforms) = postSolution
		{623075F8-0E5A-47B5-BB6D-AA651882B9ED}.Debug|Any CPU.ActiveCfg = Debug|Any CPU
		{623075F8-0E5A-47B5-BB6D-AA651882B9ED}.Debug|Any CPU.Build.0 = Debug|Any CPU
		{623075F8-0E5A-47B5-BB6D-AA651882B9ED}.Release|Any CPU.ActiveCfg = Release|Any CPU
		{623075F8-0E5A-47B5-BB6D-AA651882B9ED}.Release|Any CPU.Build.0 = Release|Any CPU
	EndGlobalSection
	GlobalSection(SolutionProperties) = preSolution
		HideSolutionNode = FALSE
	EndGlobalSection
	GlobalSection(ExtensibilityGlobals) = postSolution
		SolutionGuid = {E0A0CE10-22E0-4566-8C31-385C62127845}
	EndGlobalSection
EndGlobal
